// !$*UTF8*$!
{
	archiveVersion = 1;
	classes = {
	};
	objectVersion = 56;
	objects = {

/* Begin PBXBuildFile section */
		2837831C30087965C3250299 /* Pods_SportsAllTheTime_SportsAllTheTimeUITests.framework in Frameworks */ = {isa = PBXBuildFile; fileRef = 1B29FBC68F285A87F165D703 /* Pods_SportsAllTheTime_SportsAllTheTimeUITests.framework */; };
		77D2DD1A95F10A70392D460F /* Pods_SportsAllTheTimeTests.framework in Frameworks */ = {isa = PBXBuildFile; fileRef = 12EC201BCB4AA076278D6BC0 /* Pods_SportsAllTheTimeTests.framework */; };
		83AC53AFEF189EE6AF0E2BF5 /* Pods_SportsAllTheTime.framework in Frameworks */ = {isa = PBXBuildFile; fileRef = FBE9F6213592985F487F87AD /* Pods_SportsAllTheTime.framework */; };
		DE33EDD72A1D10A400DA2EB2 /* LeaguesDetailsViewController.swift in Sources */ = {isa = PBXBuildFile; fileRef = DE33EDD62A1D10A400DA2EB2 /* LeaguesDetailsViewController.swift */; };
		DE33EDDC2A1D118500DA2EB2 /* CollectionView1Cell.swift in Sources */ = {isa = PBXBuildFile; fileRef = DE33EDDB2A1D118500DA2EB2 /* CollectionView1Cell.swift */; };
		DE33EDDE2A1D119200DA2EB2 /* CollectionView2Cell.swift in Sources */ = {isa = PBXBuildFile; fileRef = DE33EDDD2A1D119200DA2EB2 /* CollectionView2Cell.swift */; };
		DE60CCE82A193DE9004F31AE /* MyCollectionViewCell.swift in Sources */ = {isa = PBXBuildFile; fileRef = DE60CCE72A193DE9004F31AE /* MyCollectionViewCell.swift */; };
		DE8368FB2A1B72D2002755F7 /* HomeViewController.swift in Sources */ = {isa = PBXBuildFile; fileRef = DE8368FA2A1B72D2002755F7 /* HomeViewController.swift */; };
		DE9EC1A02A1CE234006CAD3D /* HomeViewControllerInterface.swift in Sources */ = {isa = PBXBuildFile; fileRef = DE9EC19F2A1CE234006CAD3D /* HomeViewControllerInterface.swift */; };
		DE9EC1A22A1CE249006CAD3D /* HomePresenter.swift in Sources */ = {isa = PBXBuildFile; fileRef = DE9EC1A12A1CE249006CAD3D /* HomePresenter.swift */; };
		DE9EC1A42A1CE251006CAD3D /* HomePresenterInterface.swift in Sources */ = {isa = PBXBuildFile; fileRef = DE9EC1A32A1CE251006CAD3D /* HomePresenterInterface.swift */; };
		DE9EC1AA2A1CE414006CAD3D /* LeaguesViewController.swift in Sources */ = {isa = PBXBuildFile; fileRef = DE9EC1A92A1CE414006CAD3D /* LeaguesViewController.swift */; };
		DE9EC1AC2A1CE41F006CAD3D /* LeaguesViewControllerInterface.swift in Sources */ = {isa = PBXBuildFile; fileRef = DE9EC1AB2A1CE41F006CAD3D /* LeaguesViewControllerInterface.swift */; };
		DE9EC1AE2A1CE45C006CAD3D /* LeaguesPresenter.swift in Sources */ = {isa = PBXBuildFile; fileRef = DE9EC1AD2A1CE45C006CAD3D /* LeaguesPresenter.swift */; };
		DE9EC1B02A1CE46B006CAD3D /* LeaguesPresenterInterface.swift in Sources */ = {isa = PBXBuildFile; fileRef = DE9EC1AF2A1CE46B006CAD3D /* LeaguesPresenterInterface.swift */; };
		DE9EC1B22A1CE84E006CAD3D /* LeagueTableViewCell.swift in Sources */ = {isa = PBXBuildFile; fileRef = DE9EC1B12A1CE84E006CAD3D /* LeagueTableViewCell.swift */; };
		DEAAD4712A1917980061CDCF /* AppDelegate.swift in Sources */ = {isa = PBXBuildFile; fileRef = DEAAD4702A1917980061CDCF /* AppDelegate.swift */; };
		DEAAD4732A1917980061CDCF /* SceneDelegate.swift in Sources */ = {isa = PBXBuildFile; fileRef = DEAAD4722A1917980061CDCF /* SceneDelegate.swift */; };
		DEAAD4752A1917980061CDCF /* ViewController.swift in Sources */ = {isa = PBXBuildFile; fileRef = DEAAD4742A1917980061CDCF /* ViewController.swift */; };
		DEAAD4782A1917980061CDCF /* Main.storyboard in Resources */ = {isa = PBXBuildFile; fileRef = DEAAD4762A1917980061CDCF /* Main.storyboard */; };
		DEAAD47B2A1917980061CDCF /* SportsAllTheTime.xcdatamodeld in Sources */ = {isa = PBXBuildFile; fileRef = DEAAD4792A1917980061CDCF /* SportsAllTheTime.xcdatamodeld */; };
		DEAAD47D2A1917990061CDCF /* Assets.xcassets in Resources */ = {isa = PBXBuildFile; fileRef = DEAAD47C2A1917990061CDCF /* Assets.xcassets */; };
		DEAAD4802A1917990061CDCF /* LaunchScreen.storyboard in Resources */ = {isa = PBXBuildFile; fileRef = DEAAD47E2A1917990061CDCF /* LaunchScreen.storyboard */; };
		DEAAD48B2A19179A0061CDCF /* SportsAllTheTimeTests.swift in Sources */ = {isa = PBXBuildFile; fileRef = DEAAD48A2A19179A0061CDCF /* SportsAllTheTimeTests.swift */; };
		DEAAD4952A19179A0061CDCF /* SportsAllTheTimeUITests.swift in Sources */ = {isa = PBXBuildFile; fileRef = DEAAD4942A19179A0061CDCF /* SportsAllTheTimeUITests.swift */; };
		DEAAD4972A19179A0061CDCF /* SportsAllTheTimeUITestsLaunchTests.swift in Sources */ = {isa = PBXBuildFile; fileRef = DEAAD4962A19179A0061CDCF /* SportsAllTheTimeUITestsLaunchTests.swift */; };
		DEDBAD7E2A1EA4C90058F375 /* DetailsTableViewCell.swift in Sources */ = {isa = PBXBuildFile; fileRef = DEDBAD7D2A1EA4C90058F375 /* DetailsTableViewCell.swift */; };
/* End PBXBuildFile section */

/* Begin PBXContainerItemProxy section */
		DEAAD4872A19179A0061CDCF /* PBXContainerItemProxy */ = {
			isa = PBXContainerItemProxy;
			containerPortal = DEAAD4652A1917980061CDCF /* Project object */;
			proxyType = 1;
			remoteGlobalIDString = DEAAD46C2A1917980061CDCF;
			remoteInfo = SportsAllTheTime;
		};
		DEAAD4912A19179A0061CDCF /* PBXContainerItemProxy */ = {
			isa = PBXContainerItemProxy;
			containerPortal = DEAAD4652A1917980061CDCF /* Project object */;
			proxyType = 1;
			remoteGlobalIDString = DEAAD46C2A1917980061CDCF;
			remoteInfo = SportsAllTheTime;
		};
/* End PBXContainerItemProxy section */

/* Begin PBXFileReference section */
		12EC201BCB4AA076278D6BC0 /* Pods_SportsAllTheTimeTests.framework */ = {isa = PBXFileReference; explicitFileType = wrapper.framework; includeInIndex = 0; path = Pods_SportsAllTheTimeTests.framework; sourceTree = BUILT_PRODUCTS_DIR; };
		1B29FBC68F285A87F165D703 /* Pods_SportsAllTheTime_SportsAllTheTimeUITests.framework */ = {isa = PBXFileReference; explicitFileType = wrapper.framework; includeInIndex = 0; path = Pods_SportsAllTheTime_SportsAllTheTimeUITests.framework; sourceTree = BUILT_PRODUCTS_DIR; };
		20383E7B8871B29F33207BFA /* Pods-SportsAllTheTime.debug.xcconfig */ = {isa = PBXFileReference; includeInIndex = 1; lastKnownFileType = text.xcconfig; name = "Pods-SportsAllTheTime.debug.xcconfig"; path = "Target Support Files/Pods-SportsAllTheTime/Pods-SportsAllTheTime.debug.xcconfig"; sourceTree = "<group>"; };
		228880CCC824AA3A93C996A1 /* Pods-SportsAllTheTime.release.xcconfig */ = {isa = PBXFileReference; includeInIndex = 1; lastKnownFileType = text.xcconfig; name = "Pods-SportsAllTheTime.release.xcconfig"; path = "Target Support Files/Pods-SportsAllTheTime/Pods-SportsAllTheTime.release.xcconfig"; sourceTree = "<group>"; };
		653B8B4F7655E8228081892A /* Pods-SportsAllTheTimeTests.release.xcconfig */ = {isa = PBXFileReference; includeInIndex = 1; lastKnownFileType = text.xcconfig; name = "Pods-SportsAllTheTimeTests.release.xcconfig"; path = "Target Support Files/Pods-SportsAllTheTimeTests/Pods-SportsAllTheTimeTests.release.xcconfig"; sourceTree = "<group>"; };
		A05E1A49ECC75F102651BD6A /* Pods-SportsAllTheTime-SportsAllTheTimeUITests.release.xcconfig */ = {isa = PBXFileReference; includeInIndex = 1; lastKnownFileType = text.xcconfig; name = "Pods-SportsAllTheTime-SportsAllTheTimeUITests.release.xcconfig"; path = "Target Support Files/Pods-SportsAllTheTime-SportsAllTheTimeUITests/Pods-SportsAllTheTime-SportsAllTheTimeUITests.release.xcconfig"; sourceTree = "<group>"; };
		C19CB7D0ABFE2F6902BADE21 /* Pods-SportsAllTheTime-SportsAllTheTimeUITests.debug.xcconfig */ = {isa = PBXFileReference; includeInIndex = 1; lastKnownFileType = text.xcconfig; name = "Pods-SportsAllTheTime-SportsAllTheTimeUITests.debug.xcconfig"; path = "Target Support Files/Pods-SportsAllTheTime-SportsAllTheTimeUITests/Pods-SportsAllTheTime-SportsAllTheTimeUITests.debug.xcconfig"; sourceTree = "<group>"; };
		DE33EDD62A1D10A400DA2EB2 /* LeaguesDetailsViewController.swift */ = {isa = PBXFileReference; lastKnownFileType = sourcecode.swift; path = LeaguesDetailsViewController.swift; sourceTree = "<group>"; };
		DE33EDDB2A1D118500DA2EB2 /* CollectionView1Cell.swift */ = {isa = PBXFileReference; lastKnownFileType = sourcecode.swift; path = CollectionView1Cell.swift; sourceTree = "<group>"; };
		DE33EDDD2A1D119200DA2EB2 /* CollectionView2Cell.swift */ = {isa = PBXFileReference; lastKnownFileType = sourcecode.swift; path = CollectionView2Cell.swift; sourceTree = "<group>"; };
		DE60CCE72A193DE9004F31AE /* MyCollectionViewCell.swift */ = {isa = PBXFileReference; lastKnownFileType = sourcecode.swift; path = MyCollectionViewCell.swift; sourceTree = "<group>"; };
		DE8368FA2A1B72D2002755F7 /* HomeViewController.swift */ = {isa = PBXFileReference; lastKnownFileType = sourcecode.swift; path = HomeViewController.swift; sourceTree = "<group>"; };
		DE9EC19F2A1CE234006CAD3D /* HomeViewControllerInterface.swift */ = {isa = PBXFileReference; lastKnownFileType = sourcecode.swift; path = HomeViewControllerInterface.swift; sourceTree = "<group>"; };
		DE9EC1A12A1CE249006CAD3D /* HomePresenter.swift */ = {isa = PBXFileReference; lastKnownFileType = sourcecode.swift; path = HomePresenter.swift; sourceTree = "<group>"; };
		DE9EC1A32A1CE251006CAD3D /* HomePresenterInterface.swift */ = {isa = PBXFileReference; lastKnownFileType = sourcecode.swift; path = HomePresenterInterface.swift; sourceTree = "<group>"; };
		DE9EC1A92A1CE414006CAD3D /* LeaguesViewController.swift */ = {isa = PBXFileReference; lastKnownFileType = sourcecode.swift; path = LeaguesViewController.swift; sourceTree = "<group>"; };
		DE9EC1AB2A1CE41F006CAD3D /* LeaguesViewControllerInterface.swift */ = {isa = PBXFileReference; lastKnownFileType = sourcecode.swift; path = LeaguesViewControllerInterface.swift; sourceTree = "<group>"; };
		DE9EC1AD2A1CE45C006CAD3D /* LeaguesPresenter.swift */ = {isa = PBXFileReference; lastKnownFileType = sourcecode.swift; path = LeaguesPresenter.swift; sourceTree = "<group>"; };
		DE9EC1AF2A1CE46B006CAD3D /* LeaguesPresenterInterface.swift */ = {isa = PBXFileReference; lastKnownFileType = sourcecode.swift; path = LeaguesPresenterInterface.swift; sourceTree = "<group>"; };
		DE9EC1B12A1CE84E006CAD3D /* LeagueTableViewCell.swift */ = {isa = PBXFileReference; lastKnownFileType = sourcecode.swift; path = LeagueTableViewCell.swift; sourceTree = "<group>"; };
		DEAAD46D2A1917980061CDCF /* SportsAllTheTime.app */ = {isa = PBXFileReference; explicitFileType = wrapper.application; includeInIndex = 0; path = SportsAllTheTime.app; sourceTree = BUILT_PRODUCTS_DIR; };
		DEAAD4702A1917980061CDCF /* AppDelegate.swift */ = {isa = PBXFileReference; lastKnownFileType = sourcecode.swift; path = AppDelegate.swift; sourceTree = "<group>"; };
		DEAAD4722A1917980061CDCF /* SceneDelegate.swift */ = {isa = PBXFileReference; lastKnownFileType = sourcecode.swift; path = SceneDelegate.swift; sourceTree = "<group>"; };
		DEAAD4742A1917980061CDCF /* ViewController.swift */ = {isa = PBXFileReference; lastKnownFileType = sourcecode.swift; path = ViewController.swift; sourceTree = "<group>"; };
		DEAAD4772A1917980061CDCF /* Base */ = {isa = PBXFileReference; lastKnownFileType = file.storyboard; name = Base; path = Base.lproj/Main.storyboard; sourceTree = "<group>"; };
		DEAAD47A2A1917980061CDCF /* SportsAllTheTime.xcdatamodel */ = {isa = PBXFileReference; lastKnownFileType = wrapper.xcdatamodel; path = SportsAllTheTime.xcdatamodel; sourceTree = "<group>"; };
		DEAAD47C2A1917990061CDCF /* Assets.xcassets */ = {isa = PBXFileReference; lastKnownFileType = folder.assetcatalog; path = Assets.xcassets; sourceTree = "<group>"; };
		DEAAD47F2A1917990061CDCF /* Base */ = {isa = PBXFileReference; lastKnownFileType = file.storyboard; name = Base; path = Base.lproj/LaunchScreen.storyboard; sourceTree = "<group>"; };
		DEAAD4812A1917990061CDCF /* Info.plist */ = {isa = PBXFileReference; lastKnownFileType = text.plist.xml; path = Info.plist; sourceTree = "<group>"; };
		DEAAD4862A19179A0061CDCF /* SportsAllTheTimeTests.xctest */ = {isa = PBXFileReference; explicitFileType = wrapper.cfbundle; includeInIndex = 0; path = SportsAllTheTimeTests.xctest; sourceTree = BUILT_PRODUCTS_DIR; };
		DEAAD48A2A19179A0061CDCF /* SportsAllTheTimeTests.swift */ = {isa = PBXFileReference; lastKnownFileType = sourcecode.swift; path = SportsAllTheTimeTests.swift; sourceTree = "<group>"; };
		DEAAD4902A19179A0061CDCF /* SportsAllTheTimeUITests.xctest */ = {isa = PBXFileReference; explicitFileType = wrapper.cfbundle; includeInIndex = 0; path = SportsAllTheTimeUITests.xctest; sourceTree = BUILT_PRODUCTS_DIR; };
		DEAAD4942A19179A0061CDCF /* SportsAllTheTimeUITests.swift */ = {isa = PBXFileReference; lastKnownFileType = sourcecode.swift; path = SportsAllTheTimeUITests.swift; sourceTree = "<group>"; };
		DEAAD4962A19179A0061CDCF /* SportsAllTheTimeUITestsLaunchTests.swift */ = {isa = PBXFileReference; lastKnownFileType = sourcecode.swift; path = SportsAllTheTimeUITestsLaunchTests.swift; sourceTree = "<group>"; };
		DEDBAD7D2A1EA4C90058F375 /* DetailsTableViewCell.swift */ = {isa = PBXFileReference; lastKnownFileType = sourcecode.swift; path = DetailsTableViewCell.swift; sourceTree = "<group>"; };
		FBE9F6213592985F487F87AD /* Pods_SportsAllTheTime.framework */ = {isa = PBXFileReference; explicitFileType = wrapper.framework; includeInIndex = 0; path = Pods_SportsAllTheTime.framework; sourceTree = BUILT_PRODUCTS_DIR; };
		FC1A7CE7D5C5F1CED0313B04 /* Pods-SportsAllTheTimeTests.debug.xcconfig */ = {isa = PBXFileReference; includeInIndex = 1; lastKnownFileType = text.xcconfig; name = "Pods-SportsAllTheTimeTests.debug.xcconfig"; path = "Target Support Files/Pods-SportsAllTheTimeTests/Pods-SportsAllTheTimeTests.debug.xcconfig"; sourceTree = "<group>"; };
/* End PBXFileReference section */

/* Begin PBXFrameworksBuildPhase section */
		DEAAD46A2A1917980061CDCF /* Frameworks */ = {
			isa = PBXFrameworksBuildPhase;
			buildActionMask = 2147483647;
			files = (
				83AC53AFEF189EE6AF0E2BF5 /* Pods_SportsAllTheTime.framework in Frameworks */,
			);
			runOnlyForDeploymentPostprocessing = 0;
		};
		DEAAD4832A19179A0061CDCF /* Frameworks */ = {
			isa = PBXFrameworksBuildPhase;
			buildActionMask = 2147483647;
			files = (
				77D2DD1A95F10A70392D460F /* Pods_SportsAllTheTimeTests.framework in Frameworks */,
			);
			runOnlyForDeploymentPostprocessing = 0;
		};
		DEAAD48D2A19179A0061CDCF /* Frameworks */ = {
			isa = PBXFrameworksBuildPhase;
			buildActionMask = 2147483647;
			files = (
				2837831C30087965C3250299 /* Pods_SportsAllTheTime_SportsAllTheTimeUITests.framework in Frameworks */,
			);
			runOnlyForDeploymentPostprocessing = 0;
		};
/* End PBXFrameworksBuildPhase section */

/* Begin PBXGroup section */
		4F80AEFD16CA38C81C53894C /* Frameworks */ = {
			isa = PBXGroup;
			children = (
				FBE9F6213592985F487F87AD /* Pods_SportsAllTheTime.framework */,
				1B29FBC68F285A87F165D703 /* Pods_SportsAllTheTime_SportsAllTheTimeUITests.framework */,
				12EC201BCB4AA076278D6BC0 /* Pods_SportsAllTheTimeTests.framework */,
			);
			name = Frameworks;
			sourceTree = "<group>";
		};
		DBFFA56306301DA1B9A07042 /* Pods */ = {
			isa = PBXGroup;
			children = (
				20383E7B8871B29F33207BFA /* Pods-SportsAllTheTime.debug.xcconfig */,
				228880CCC824AA3A93C996A1 /* Pods-SportsAllTheTime.release.xcconfig */,
				C19CB7D0ABFE2F6902BADE21 /* Pods-SportsAllTheTime-SportsAllTheTimeUITests.debug.xcconfig */,
				A05E1A49ECC75F102651BD6A /* Pods-SportsAllTheTime-SportsAllTheTimeUITests.release.xcconfig */,
				FC1A7CE7D5C5F1CED0313B04 /* Pods-SportsAllTheTimeTests.debug.xcconfig */,
				653B8B4F7655E8228081892A /* Pods-SportsAllTheTimeTests.release.xcconfig */,
			);
			path = Pods;
			sourceTree = "<group>";
		};
		DE33EDD82A1D113700DA2EB2 /* leagueDetails */ = {
			isa = PBXGroup;
			children = (
				DE33EDDA2A1D115600DA2EB2 /* leagueDetailsPresenter */,
				DE33EDD92A1D114200DA2EB2 /* leagueDetailsView */,
			);
			path = leagueDetails;
			sourceTree = "<group>";
		};
		DE33EDD92A1D114200DA2EB2 /* leagueDetailsView */ = {
			isa = PBXGroup;
			children = (
				DE33EDD62A1D10A400DA2EB2 /* LeaguesDetailsViewController.swift */,
				DE33EDDB2A1D118500DA2EB2 /* CollectionView1Cell.swift */,
				DE33EDDD2A1D119200DA2EB2 /* CollectionView2Cell.swift */,
				DEDBAD7D2A1EA4C90058F375 /* DetailsTableViewCell.swift */,
			);
			path = leagueDetailsView;
			sourceTree = "<group>";
		};
		DE33EDDA2A1D115600DA2EB2 /* leagueDetailsPresenter */ = {
			isa = PBXGroup;
			children = (
			);
			path = leagueDetailsPresenter;
			sourceTree = "<group>";
		};
		DE9EC19C2A1CE1EF006CAD3D /* home */ = {
			isa = PBXGroup;
			children = (
				DE9EC19E2A1CE20A006CAD3D /* homePresenter */,
				DE9EC19D2A1CE202006CAD3D /* homeView */,
			);
			path = home;
			sourceTree = "<group>";
		};
		DE9EC19D2A1CE202006CAD3D /* homeView */ = {
			isa = PBXGroup;
			children = (
				DE8368FA2A1B72D2002755F7 /* HomeViewController.swift */,
				DE9EC19F2A1CE234006CAD3D /* HomeViewControllerInterface.swift */,
				DE60CCE72A193DE9004F31AE /* MyCollectionViewCell.swift */,
			);
			path = homeView;
			sourceTree = "<group>";
		};
		DE9EC19E2A1CE20A006CAD3D /* homePresenter */ = {
			isa = PBXGroup;
			children = (
				DE9EC1A12A1CE249006CAD3D /* HomePresenter.swift */,
				DE9EC1A32A1CE251006CAD3D /* HomePresenterInterface.swift */,
			);
			path = homePresenter;
			sourceTree = "<group>";
		};
		DE9EC1A52A1CE31A006CAD3D /* splashScreen */ = {
			isa = PBXGroup;
			children = (
				DEAAD4742A1917980061CDCF /* ViewController.swift */,
			);
			path = splashScreen;
			sourceTree = "<group>";
		};
		DE9EC1A62A1CE33F006CAD3D /* leagues */ = {
			isa = PBXGroup;
			children = (
				DE9EC1A82A1CE371006CAD3D /* leaguesPresenter */,
				DE9EC1A72A1CE356006CAD3D /* leaguesView */,
			);
			path = leagues;
			sourceTree = "<group>";
		};
		DE9EC1A72A1CE356006CAD3D /* leaguesView */ = {
			isa = PBXGroup;
			children = (
				DE9EC1A92A1CE414006CAD3D /* LeaguesViewController.swift */,
				DE9EC1AB2A1CE41F006CAD3D /* LeaguesViewControllerInterface.swift */,
				DE9EC1B12A1CE84E006CAD3D /* LeagueTableViewCell.swift */,
			);
			path = leaguesView;
			sourceTree = "<group>";
		};
		DE9EC1A82A1CE371006CAD3D /* leaguesPresenter */ = {
			isa = PBXGroup;
			children = (
				DE9EC1AD2A1CE45C006CAD3D /* LeaguesPresenter.swift */,
				DE9EC1AF2A1CE46B006CAD3D /* LeaguesPresenterInterface.swift */,
			);
			path = leaguesPresenter;
			sourceTree = "<group>";
		};
		DEAAD4642A1917980061CDCF = {
			isa = PBXGroup;
			children = (
				DEAAD46F2A1917980061CDCF /* SportsAllTheTime */,
				DEAAD4892A19179A0061CDCF /* SportsAllTheTimeTests */,
				DEAAD4932A19179A0061CDCF /* SportsAllTheTimeUITests */,
				DEAAD46E2A1917980061CDCF /* Products */,
				DBFFA56306301DA1B9A07042 /* Pods */,
				4F80AEFD16CA38C81C53894C /* Frameworks */,
			);
			sourceTree = "<group>";
		};
		DEAAD46E2A1917980061CDCF /* Products */ = {
			isa = PBXGroup;
			children = (
				DEAAD46D2A1917980061CDCF /* SportsAllTheTime.app */,
				DEAAD4862A19179A0061CDCF /* SportsAllTheTimeTests.xctest */,
				DEAAD4902A19179A0061CDCF /* SportsAllTheTimeUITests.xctest */,
			);
			name = Products;
			sourceTree = "<group>";
		};
		DEAAD46F2A1917980061CDCF /* SportsAllTheTime */ = {
			isa = PBXGroup;
			children = (
				DE33EDD82A1D113700DA2EB2 /* leagueDetails */,
				DE9EC1A62A1CE33F006CAD3D /* leagues */,
				DE9EC1A52A1CE31A006CAD3D /* splashScreen */,
				DE9EC19C2A1CE1EF006CAD3D /* home */,
				DEAAD4702A1917980061CDCF /* AppDelegate.swift */,
				DEAAD4722A1917980061CDCF /* SceneDelegate.swift */,
				DEAAD4762A1917980061CDCF /* Main.storyboard */,
				DEAAD47C2A1917990061CDCF /* Assets.xcassets */,
				DEAAD47E2A1917990061CDCF /* LaunchScreen.storyboard */,
				DEAAD4812A1917990061CDCF /* Info.plist */,
				DEAAD4792A1917980061CDCF /* SportsAllTheTime.xcdatamodeld */,
			);
			path = SportsAllTheTime;
			sourceTree = "<group>";
		};
		DEAAD4892A19179A0061CDCF /* SportsAllTheTimeTests */ = {
			isa = PBXGroup;
			children = (
				DEAAD48A2A19179A0061CDCF /* SportsAllTheTimeTests.swift */,
			);
			path = SportsAllTheTimeTests;
			sourceTree = "<group>";
		};
		DEAAD4932A19179A0061CDCF /* SportsAllTheTimeUITests */ = {
			isa = PBXGroup;
			children = (
				DEAAD4942A19179A0061CDCF /* SportsAllTheTimeUITests.swift */,
				DEAAD4962A19179A0061CDCF /* SportsAllTheTimeUITestsLaunchTests.swift */,
			);
			path = SportsAllTheTimeUITests;
			sourceTree = "<group>";
		};
/* End PBXGroup section */

/* Begin PBXNativeTarget section */
		DEAAD46C2A1917980061CDCF /* SportsAllTheTime */ = {
			isa = PBXNativeTarget;
			buildConfigurationList = DEAAD49A2A19179A0061CDCF /* Build configuration list for PBXNativeTarget "SportsAllTheTime" */;
			buildPhases = (
				A5D633D29AB7A8D26AE1DD70 /* [CP] Check Pods Manifest.lock */,
				DEAAD4692A1917980061CDCF /* Sources */,
				DEAAD46A2A1917980061CDCF /* Frameworks */,
				DEAAD46B2A1917980061CDCF /* Resources */,
				0FDC6D74DAB8F7DABA6965CC /* [CP] Embed Pods Frameworks */,
			);
			buildRules = (
			);
			dependencies = (
			);
			name = SportsAllTheTime;
			productName = SportsAllTheTime;
			productReference = DEAAD46D2A1917980061CDCF /* SportsAllTheTime.app */;
			productType = "com.apple.product-type.application";
		};
		DEAAD4852A19179A0061CDCF /* SportsAllTheTimeTests */ = {
			isa = PBXNativeTarget;
			buildConfigurationList = DEAAD49D2A19179A0061CDCF /* Build configuration list for PBXNativeTarget "SportsAllTheTimeTests" */;
			buildPhases = (
				C0E7E2EDF199E59CF546EF96 /* [CP] Check Pods Manifest.lock */,
				DEAAD4822A19179A0061CDCF /* Sources */,
				DEAAD4832A19179A0061CDCF /* Frameworks */,
				DEAAD4842A19179A0061CDCF /* Resources */,
			);
			buildRules = (
			);
			dependencies = (
				DEAAD4882A19179A0061CDCF /* PBXTargetDependency */,
			);
			name = SportsAllTheTimeTests;
			productName = SportsAllTheTimeTests;
			productReference = DEAAD4862A19179A0061CDCF /* SportsAllTheTimeTests.xctest */;
			productType = "com.apple.product-type.bundle.unit-test";
		};
		DEAAD48F2A19179A0061CDCF /* SportsAllTheTimeUITests */ = {
			isa = PBXNativeTarget;
			buildConfigurationList = DEAAD4A02A19179A0061CDCF /* Build configuration list for PBXNativeTarget "SportsAllTheTimeUITests" */;
			buildPhases = (
				AA13A19B3947E0C15ED991FC /* [CP] Check Pods Manifest.lock */,
				DEAAD48C2A19179A0061CDCF /* Sources */,
				DEAAD48D2A19179A0061CDCF /* Frameworks */,
				DEAAD48E2A19179A0061CDCF /* Resources */,
				E23F24CABAD00E9E27F79457 /* [CP] Embed Pods Frameworks */,
			);
			buildRules = (
			);
			dependencies = (
				DEAAD4922A19179A0061CDCF /* PBXTargetDependency */,
			);
			name = SportsAllTheTimeUITests;
			productName = SportsAllTheTimeUITests;
			productReference = DEAAD4902A19179A0061CDCF /* SportsAllTheTimeUITests.xctest */;
			productType = "com.apple.product-type.bundle.ui-testing";
		};
/* End PBXNativeTarget section */

/* Begin PBXProject section */
		DEAAD4652A1917980061CDCF /* Project object */ = {
			isa = PBXProject;
			attributes = {
				BuildIndependentTargetsInParallel = 1;
				LastSwiftUpdateCheck = 1420;
				LastUpgradeCheck = 1420;
				TargetAttributes = {
					DEAAD46C2A1917980061CDCF = {
						CreatedOnToolsVersion = 14.2;
					};
					DEAAD4852A19179A0061CDCF = {
						CreatedOnToolsVersion = 14.2;
						TestTargetID = DEAAD46C2A1917980061CDCF;
					};
					DEAAD48F2A19179A0061CDCF = {
						CreatedOnToolsVersion = 14.2;
						TestTargetID = DEAAD46C2A1917980061CDCF;
					};
				};
			};
			buildConfigurationList = DEAAD4682A1917980061CDCF /* Build configuration list for PBXProject "SportsAllTheTime" */;
			compatibilityVersion = "Xcode 14.0";
			developmentRegion = en;
			hasScannedForEncodings = 0;
			knownRegions = (
				en,
				Base,
			);
			mainGroup = DEAAD4642A1917980061CDCF;
			productRefGroup = DEAAD46E2A1917980061CDCF /* Products */;
			projectDirPath = "";
			projectRoot = "";
			targets = (
				DEAAD46C2A1917980061CDCF /* SportsAllTheTime */,
				DEAAD4852A19179A0061CDCF /* SportsAllTheTimeTests */,
				DEAAD48F2A19179A0061CDCF /* SportsAllTheTimeUITests */,
			);
		};
/* End PBXProject section */

/* Begin PBXResourcesBuildPhase section */
		DEAAD46B2A1917980061CDCF /* Resources */ = {
			isa = PBXResourcesBuildPhase;
			buildActionMask = 2147483647;
			files = (
				DEAAD4802A1917990061CDCF /* LaunchScreen.storyboard in Resources */,
				DEAAD47D2A1917990061CDCF /* Assets.xcassets in Resources */,
				DEAAD4782A1917980061CDCF /* Main.storyboard in Resources */,
			);
			runOnlyForDeploymentPostprocessing = 0;
		};
		DEAAD4842A19179A0061CDCF /* Resources */ = {
			isa = PBXResourcesBuildPhase;
			buildActionMask = 2147483647;
			files = (
			);
			runOnlyForDeploymentPostprocessing = 0;
		};
		DEAAD48E2A19179A0061CDCF /* Resources */ = {
			isa = PBXResourcesBuildPhase;
			buildActionMask = 2147483647;
			files = (
			);
			runOnlyForDeploymentPostprocessing = 0;
		};
/* End PBXResourcesBuildPhase section */

/* Begin PBXShellScriptBuildPhase section */
		0FDC6D74DAB8F7DABA6965CC /* [CP] Embed Pods Frameworks */ = {
			isa = PBXShellScriptBuildPhase;
			buildActionMask = 2147483647;
			files = (
			);
			inputFileListPaths = (
				"${PODS_ROOT}/Target Support Files/Pods-SportsAllTheTime/Pods-SportsAllTheTime-frameworks-${CONFIGURATION}-input-files.xcfilelist",
			);
			name = "[CP] Embed Pods Frameworks";
			outputFileListPaths = (
				"${PODS_ROOT}/Target Support Files/Pods-SportsAllTheTime/Pods-SportsAllTheTime-frameworks-${CONFIGURATION}-output-files.xcfilelist",
			);
			runOnlyForDeploymentPostprocessing = 0;
			shellPath = /bin/sh;
			shellScript = "\"${PODS_ROOT}/Target Support Files/Pods-SportsAllTheTime/Pods-SportsAllTheTime-frameworks.sh\"\n";
			showEnvVarsInLog = 0;
		};
		A5D633D29AB7A8D26AE1DD70 /* [CP] Check Pods Manifest.lock */ = {
			isa = PBXShellScriptBuildPhase;
			buildActionMask = 2147483647;
			files = (
			);
			inputFileListPaths = (
			);
			inputPaths = (
				"${PODS_PODFILE_DIR_PATH}/Podfile.lock",
				"${PODS_ROOT}/Manifest.lock",
			);
			name = "[CP] Check Pods Manifest.lock";
			outputFileListPaths = (
			);
			outputPaths = (
				"$(DERIVED_FILE_DIR)/Pods-SportsAllTheTime-checkManifestLockResult.txt",
			);
			runOnlyForDeploymentPostprocessing = 0;
			shellPath = /bin/sh;
			shellScript = "diff \"${PODS_PODFILE_DIR_PATH}/Podfile.lock\" \"${PODS_ROOT}/Manifest.lock\" > /dev/null\nif [ $? != 0 ] ; then\n    # print error to STDERR\n    echo \"error: The sandbox is not in sync with the Podfile.lock. Run 'pod install' or update your CocoaPods installation.\" >&2\n    exit 1\nfi\n# This output is used by Xcode 'outputs' to avoid re-running this script phase.\necho \"SUCCESS\" > \"${SCRIPT_OUTPUT_FILE_0}\"\n";
			showEnvVarsInLog = 0;
		};
		AA13A19B3947E0C15ED991FC /* [CP] Check Pods Manifest.lock */ = {
			isa = PBXShellScriptBuildPhase;
			buildActionMask = 2147483647;
			files = (
			);
			inputFileListPaths = (
			);
			inputPaths = (
				"${PODS_PODFILE_DIR_PATH}/Podfile.lock",
				"${PODS_ROOT}/Manifest.lock",
			);
			name = "[CP] Check Pods Manifest.lock";
			outputFileListPaths = (
			);
			outputPaths = (
				"$(DERIVED_FILE_DIR)/Pods-SportsAllTheTime-SportsAllTheTimeUITests-checkManifestLockResult.txt",
			);
			runOnlyForDeploymentPostprocessing = 0;
			shellPath = /bin/sh;
			shellScript = "diff \"${PODS_PODFILE_DIR_PATH}/Podfile.lock\" \"${PODS_ROOT}/Manifest.lock\" > /dev/null\nif [ $? != 0 ] ; then\n    # print error to STDERR\n    echo \"error: The sandbox is not in sync with the Podfile.lock. Run 'pod install' or update your CocoaPods installation.\" >&2\n    exit 1\nfi\n# This output is used by Xcode 'outputs' to avoid re-running this script phase.\necho \"SUCCESS\" > \"${SCRIPT_OUTPUT_FILE_0}\"\n";
			showEnvVarsInLog = 0;
		};
		C0E7E2EDF199E59CF546EF96 /* [CP] Check Pods Manifest.lock */ = {
			isa = PBXShellScriptBuildPhase;
			buildActionMask = 2147483647;
			files = (
			);
			inputFileListPaths = (
			);
			inputPaths = (
				"${PODS_PODFILE_DIR_PATH}/Podfile.lock",
				"${PODS_ROOT}/Manifest.lock",
			);
			name = "[CP] Check Pods Manifest.lock";
			outputFileListPaths = (
			);
			outputPaths = (
				"$(DERIVED_FILE_DIR)/Pods-SportsAllTheTimeTests-checkManifestLockResult.txt",
			);
			runOnlyForDeploymentPostprocessing = 0;
			shellPath = /bin/sh;
			shellScript = "diff \"${PODS_PODFILE_DIR_PATH}/Podfile.lock\" \"${PODS_ROOT}/Manifest.lock\" > /dev/null\nif [ $? != 0 ] ; then\n    # print error to STDERR\n    echo \"error: The sandbox is not in sync with the Podfile.lock. Run 'pod install' or update your CocoaPods installation.\" >&2\n    exit 1\nfi\n# This output is used by Xcode 'outputs' to avoid re-running this script phase.\necho \"SUCCESS\" > \"${SCRIPT_OUTPUT_FILE_0}\"\n";
			showEnvVarsInLog = 0;
		};
		E23F24CABAD00E9E27F79457 /* [CP] Embed Pods Frameworks */ = {
			isa = PBXShellScriptBuildPhase;
			buildActionMask = 2147483647;
			files = (
			);
			inputFileListPaths = (
				"${PODS_ROOT}/Target Support Files/Pods-SportsAllTheTime-SportsAllTheTimeUITests/Pods-SportsAllTheTime-SportsAllTheTimeUITests-frameworks-${CONFIGURATION}-input-files.xcfilelist",
			);
			name = "[CP] Embed Pods Frameworks";
			outputFileListPaths = (
				"${PODS_ROOT}/Target Support Files/Pods-SportsAllTheTime-SportsAllTheTimeUITests/Pods-SportsAllTheTime-SportsAllTheTimeUITests-frameworks-${CONFIGURATION}-output-files.xcfilelist",
			);
			runOnlyForDeploymentPostprocessing = 0;
			shellPath = /bin/sh;
			shellScript = "\"${PODS_ROOT}/Target Support Files/Pods-SportsAllTheTime-SportsAllTheTimeUITests/Pods-SportsAllTheTime-SportsAllTheTimeUITests-frameworks.sh\"\n";
			showEnvVarsInLog = 0;
		};
/* End PBXShellScriptBuildPhase section */

/* Begin PBXSourcesBuildPhase section */
		DEAAD4692A1917980061CDCF /* Sources */ = {
			isa = PBXSourcesBuildPhase;
			buildActionMask = 2147483647;
			files = (
				DEAAD4752A1917980061CDCF /* ViewController.swift in Sources */,
				DE9EC1AC2A1CE41F006CAD3D /* LeaguesViewControllerInterface.swift in Sources */,
				DEAAD47B2A1917980061CDCF /* SportsAllTheTime.xcdatamodeld in Sources */,
				DE60CCE82A193DE9004F31AE /* MyCollectionViewCell.swift in Sources */,
				DE9EC1B02A1CE46B006CAD3D /* LeaguesPresenterInterface.swift in Sources */,
				DE9EC1A42A1CE251006CAD3D /* HomePresenterInterface.swift in Sources */,
				DE9EC1A02A1CE234006CAD3D /* HomeViewControllerInterface.swift in Sources */,
				DE8368FB2A1B72D2002755F7 /* HomeViewController.swift in Sources */,
				DE33EDD72A1D10A400DA2EB2 /* LeaguesDetailsViewController.swift in Sources */,
				DEAAD4712A1917980061CDCF /* AppDelegate.swift in Sources */,
				DE9EC1AA2A1CE414006CAD3D /* LeaguesViewController.swift in Sources */,
				DE33EDDE2A1D119200DA2EB2 /* CollectionView2Cell.swift in Sources */,
				DEDBAD7E2A1EA4C90058F375 /* DetailsTableViewCell.swift in Sources */,
				DEAAD4732A1917980061CDCF /* SceneDelegate.swift in Sources */,
				DE33EDDC2A1D118500DA2EB2 /* CollectionView1Cell.swift in Sources */,
				DE9EC1A22A1CE249006CAD3D /* HomePresenter.swift in Sources */,
				DE9EC1B22A1CE84E006CAD3D /* LeagueTableViewCell.swift in Sources */,
				DE9EC1AE2A1CE45C006CAD3D /* LeaguesPresenter.swift in Sources */,
			);
			runOnlyForDeploymentPostprocessing = 0;
		};
		DEAAD4822A19179A0061CDCF /* Sources */ = {
			isa = PBXSourcesBuildPhase;
			buildActionMask = 2147483647;
			files = (
				DEAAD48B2A19179A0061CDCF /* SportsAllTheTimeTests.swift in Sources */,
			);
			runOnlyForDeploymentPostprocessing = 0;
		};
		DEAAD48C2A19179A0061CDCF /* Sources */ = {
			isa = PBXSourcesBuildPhase;
			buildActionMask = 2147483647;
			files = (
				DEAAD4972A19179A0061CDCF /* SportsAllTheTimeUITestsLaunchTests.swift in Sources */,
				DEAAD4952A19179A0061CDCF /* SportsAllTheTimeUITests.swift in Sources */,
			);
			runOnlyForDeploymentPostprocessing = 0;
		};
/* End PBXSourcesBuildPhase section */

/* Begin PBXTargetDependency section */
		DEAAD4882A19179A0061CDCF /* PBXTargetDependency */ = {
			isa = PBXTargetDependency;
			target = DEAAD46C2A1917980061CDCF /* SportsAllTheTime */;
			targetProxy = DEAAD4872A19179A0061CDCF /* PBXContainerItemProxy */;
		};
		DEAAD4922A19179A0061CDCF /* PBXTargetDependency */ = {
			isa = PBXTargetDependency;
			target = DEAAD46C2A1917980061CDCF /* SportsAllTheTime */;
			targetProxy = DEAAD4912A19179A0061CDCF /* PBXContainerItemProxy */;
		};
/* End PBXTargetDependency section */

/* Begin PBXVariantGroup section */
		DEAAD4762A1917980061CDCF /* Main.storyboard */ = {
			isa = PBXVariantGroup;
			children = (
				DEAAD4772A1917980061CDCF /* Base */,
			);
			name = Main.storyboard;
			sourceTree = "<group>";
		};
		DEAAD47E2A1917990061CDCF /* LaunchScreen.storyboard */ = {
			isa = PBXVariantGroup;
			children = (
				DEAAD47F2A1917990061CDCF /* Base */,
			);
			name = LaunchScreen.storyboard;
			sourceTree = "<group>";
		};
/* End PBXVariantGroup section */

/* Begin XCBuildConfiguration section */
		DEAAD4982A19179A0061CDCF /* Debug */ = {
			isa = XCBuildConfiguration;
			buildSettings = {
				ALWAYS_SEARCH_USER_PATHS = NO;
				CLANG_ANALYZER_NONNULL = YES;
				CLANG_ANALYZER_NUMBER_OBJECT_CONVERSION = YES_AGGRESSIVE;
				CLANG_CXX_LANGUAGE_STANDARD = "gnu++20";
				CLANG_ENABLE_MODULES = YES;
				CLANG_ENABLE_OBJC_ARC = YES;
				CLANG_ENABLE_OBJC_WEAK = YES;
				CLANG_WARN_BLOCK_CAPTURE_AUTORELEASING = YES;
				CLANG_WARN_BOOL_CONVERSION = YES;
				CLANG_WARN_COMMA = YES;
				CLANG_WARN_CONSTANT_CONVERSION = YES;
				CLANG_WARN_DEPRECATED_OBJC_IMPLEMENTATIONS = YES;
				CLANG_WARN_DIRECT_OBJC_ISA_USAGE = YES_ERROR;
				CLANG_WARN_DOCUMENTATION_COMMENTS = YES;
				CLANG_WARN_EMPTY_BODY = YES;
				CLANG_WARN_ENUM_CONVERSION = YES;
				CLANG_WARN_INFINITE_RECURSION = YES;
				CLANG_WARN_INT_CONVERSION = YES;
				CLANG_WARN_NON_LITERAL_NULL_CONVERSION = YES;
				CLANG_WARN_OBJC_IMPLICIT_RETAIN_SELF = YES;
				CLANG_WARN_OBJC_LITERAL_CONVERSION = YES;
				CLANG_WARN_OBJC_ROOT_CLASS = YES_ERROR;
				CLANG_WARN_QUOTED_INCLUDE_IN_FRAMEWORK_HEADER = YES;
				CLANG_WARN_RANGE_LOOP_ANALYSIS = YES;
				CLANG_WARN_STRICT_PROTOTYPES = YES;
				CLANG_WARN_SUSPICIOUS_MOVE = YES;
				CLANG_WARN_UNGUARDED_AVAILABILITY = YES_AGGRESSIVE;
				CLANG_WARN_UNREACHABLE_CODE = YES;
				CLANG_WARN__DUPLICATE_METHOD_MATCH = YES;
				COPY_PHASE_STRIP = NO;
				DEBUG_INFORMATION_FORMAT = dwarf;
				ENABLE_STRICT_OBJC_MSGSEND = YES;
				ENABLE_TESTABILITY = YES;
				GCC_C_LANGUAGE_STANDARD = gnu11;
				GCC_DYNAMIC_NO_PIC = NO;
				GCC_NO_COMMON_BLOCKS = YES;
				GCC_OPTIMIZATION_LEVEL = 0;
				GCC_PREPROCESSOR_DEFINITIONS = (
					"DEBUG=1",
					"$(inherited)",
				);
				GCC_WARN_64_TO_32_BIT_CONVERSION = YES;
				GCC_WARN_ABOUT_RETURN_TYPE = YES_ERROR;
				GCC_WARN_UNDECLARED_SELECTOR = YES;
				GCC_WARN_UNINITIALIZED_AUTOS = YES_AGGRESSIVE;
				GCC_WARN_UNUSED_FUNCTION = YES;
				GCC_WARN_UNUSED_VARIABLE = YES;
				IPHONEOS_DEPLOYMENT_TARGET = 16.2;
				MTL_ENABLE_DEBUG_INFO = INCLUDE_SOURCE;
				MTL_FAST_MATH = YES;
				ONLY_ACTIVE_ARCH = YES;
				SDKROOT = iphoneos;
				SWIFT_ACTIVE_COMPILATION_CONDITIONS = DEBUG;
				SWIFT_OPTIMIZATION_LEVEL = "-Onone";
			};
			name = Debug;
		};
		DEAAD4992A19179A0061CDCF /* Release */ = {
			isa = XCBuildConfiguration;
			buildSettings = {
				ALWAYS_SEARCH_USER_PATHS = NO;
				CLANG_ANALYZER_NONNULL = YES;
				CLANG_ANALYZER_NUMBER_OBJECT_CONVERSION = YES_AGGRESSIVE;
				CLANG_CXX_LANGUAGE_STANDARD = "gnu++20";
				CLANG_ENABLE_MODULES = YES;
				CLANG_ENABLE_OBJC_ARC = YES;
				CLANG_ENABLE_OBJC_WEAK = YES;
				CLANG_WARN_BLOCK_CAPTURE_AUTORELEASING = YES;
				CLANG_WARN_BOOL_CONVERSION = YES;
				CLANG_WARN_COMMA = YES;
				CLANG_WARN_CONSTANT_CONVERSION = YES;
				CLANG_WARN_DEPRECATED_OBJC_IMPLEMENTATIONS = YES;
				CLANG_WARN_DIRECT_OBJC_ISA_USAGE = YES_ERROR;
				CLANG_WARN_DOCUMENTATION_COMMENTS = YES;
				CLANG_WARN_EMPTY_BODY = YES;
				CLANG_WARN_ENUM_CONVERSION = YES;
				CLANG_WARN_INFINITE_RECURSION = YES;
				CLANG_WARN_INT_CONVERSION = YES;
				CLANG_WARN_NON_LITERAL_NULL_CONVERSION = YES;
				CLANG_WARN_OBJC_IMPLICIT_RETAIN_SELF = YES;
				CLANG_WARN_OBJC_LITERAL_CONVERSION = YES;
				CLANG_WARN_OBJC_ROOT_CLASS = YES_ERROR;
				CLANG_WARN_QUOTED_INCLUDE_IN_FRAMEWORK_HEADER = YES;
				CLANG_WARN_RANGE_LOOP_ANALYSIS = YES;
				CLANG_WARN_STRICT_PROTOTYPES = YES;
				CLANG_WARN_SUSPICIOUS_MOVE = YES;
				CLANG_WARN_UNGUARDED_AVAILABILITY = YES_AGGRESSIVE;
				CLANG_WARN_UNREACHABLE_CODE = YES;
				CLANG_WARN__DUPLICATE_METHOD_MATCH = YES;
				COPY_PHASE_STRIP = NO;
				DEBUG_INFORMATION_FORMAT = "dwarf-with-dsym";
				ENABLE_NS_ASSERTIONS = NO;
				ENABLE_STRICT_OBJC_MSGSEND = YES;
				GCC_C_LANGUAGE_STANDARD = gnu11;
				GCC_NO_COMMON_BLOCKS = YES;
				GCC_WARN_64_TO_32_BIT_CONVERSION = YES;
				GCC_WARN_ABOUT_RETURN_TYPE = YES_ERROR;
				GCC_WARN_UNDECLARED_SELECTOR = YES;
				GCC_WARN_UNINITIALIZED_AUTOS = YES_AGGRESSIVE;
				GCC_WARN_UNUSED_FUNCTION = YES;
				GCC_WARN_UNUSED_VARIABLE = YES;
				IPHONEOS_DEPLOYMENT_TARGET = 16.2;
				MTL_ENABLE_DEBUG_INFO = NO;
				MTL_FAST_MATH = YES;
				SDKROOT = iphoneos;
				SWIFT_COMPILATION_MODE = wholemodule;
				SWIFT_OPTIMIZATION_LEVEL = "-O";
				VALIDATE_PRODUCT = YES;
			};
			name = Release;
		};
		DEAAD49B2A19179A0061CDCF /* Debug */ = {
			isa = XCBuildConfiguration;
			baseConfigurationReference = 20383E7B8871B29F33207BFA /* Pods-SportsAllTheTime.debug.xcconfig */;
			buildSettings = {
				ASSETCATALOG_COMPILER_APPICON_NAME = AppIcon;
				ASSETCATALOG_COMPILER_GLOBAL_ACCENT_COLOR_NAME = AccentColor;
				CODE_SIGN_STYLE = Automatic;
				CURRENT_PROJECT_VERSION = 1;
				DEVELOPMENT_TEAM = LK2KV85VWZ;
				GENERATE_INFOPLIST_FILE = YES;
				INFOPLIST_FILE = SportsAllTheTime/Info.plist;
				INFOPLIST_KEY_UIApplicationSupportsIndirectInputEvents = YES;
				INFOPLIST_KEY_UILaunchStoryboardName = LaunchScreen;
				INFOPLIST_KEY_UIMainStoryboardFile = Main;
				INFOPLIST_KEY_UISupportedInterfaceOrientations_iPad = "UIInterfaceOrientationPortrait UIInterfaceOrientationPortraitUpsideDown UIInterfaceOrientationLandscapeLeft UIInterfaceOrientationLandscapeRight";
				INFOPLIST_KEY_UISupportedInterfaceOrientations_iPhone = "UIInterfaceOrientationPortrait UIInterfaceOrientationLandscapeLeft UIInterfaceOrientationLandscapeRight";
				LD_RUNPATH_SEARCH_PATHS = (
					"$(inherited)",
					"@executable_path/Frameworks",
				);
				MARKETING_VERSION = 1.0;
				PRODUCT_BUNDLE_IDENTIFIER = essCompany.SportsAllTheTime;
				PRODUCT_NAME = "$(TARGET_NAME)";
				SWIFT_EMIT_LOC_STRINGS = YES;
				SWIFT_VERSION = 5.0;
				TARGETED_DEVICE_FAMILY = "1,2";
			};
			name = Debug;
		};
		DEAAD49C2A19179A0061CDCF /* Release */ = {
			isa = XCBuildConfiguration;
			baseConfigurationReference = 228880CCC824AA3A93C996A1 /* Pods-SportsAllTheTime.release.xcconfig */;
			buildSettings = {
				ASSETCATALOG_COMPILER_APPICON_NAME = AppIcon;
				ASSETCATALOG_COMPILER_GLOBAL_ACCENT_COLOR_NAME = AccentColor;
				CODE_SIGN_STYLE = Automatic;
				CURRENT_PROJECT_VERSION = 1;
				DEVELOPMENT_TEAM = LK2KV85VWZ;
				GENERATE_INFOPLIST_FILE = YES;
				INFOPLIST_FILE = SportsAllTheTime/Info.plist;
				INFOPLIST_KEY_UIApplicationSupportsIndirectInputEvents = YES;
				INFOPLIST_KEY_UILaunchStoryboardName = LaunchScreen;
				INFOPLIST_KEY_UIMainStoryboardFile = Main;
				INFOPLIST_KEY_UISupportedInterfaceOrientations_iPad = "UIInterfaceOrientationPortrait UIInterfaceOrientationPortraitUpsideDown UIInterfaceOrientationLandscapeLeft UIInterfaceOrientationLandscapeRight";
				INFOPLIST_KEY_UISupportedInterfaceOrientations_iPhone = "UIInterfaceOrientationPortrait UIInterfaceOrientationLandscapeLeft UIInterfaceOrientationLandscapeRight";
				LD_RUNPATH_SEARCH_PATHS = (
					"$(inherited)",
					"@executable_path/Frameworks",
				);
				MARKETING_VERSION = 1.0;
				PRODUCT_BUNDLE_IDENTIFIER = essCompany.SportsAllTheTime;
				PRODUCT_NAME = "$(TARGET_NAME)";
				SWIFT_EMIT_LOC_STRINGS = YES;
				SWIFT_VERSION = 5.0;
				TARGETED_DEVICE_FAMILY = "1,2";
			};
			name = Release;
		};
		DEAAD49E2A19179A0061CDCF /* Debug */ = {
			isa = XCBuildConfiguration;
			baseConfigurationReference = FC1A7CE7D5C5F1CED0313B04 /* Pods-SportsAllTheTimeTests.debug.xcconfig */;
			buildSettings = {
				ALWAYS_EMBED_SWIFT_STANDARD_LIBRARIES = YES;
				BUNDLE_LOADER = "$(TEST_HOST)";
				CODE_SIGN_STYLE = Automatic;
				CURRENT_PROJECT_VERSION = 1;
				DEVELOPMENT_TEAM = LK2KV85VWZ;
				GENERATE_INFOPLIST_FILE = YES;
				IPHONEOS_DEPLOYMENT_TARGET = 16.2;
				MARKETING_VERSION = 1.0;
				PRODUCT_BUNDLE_IDENTIFIER = essCompany.SportsAllTheTimeTests;
				PRODUCT_NAME = "$(TARGET_NAME)";
				SWIFT_EMIT_LOC_STRINGS = NO;
				SWIFT_VERSION = 5.0;
				TARGETED_DEVICE_FAMILY = "1,2";
				TEST_HOST = "$(BUILT_PRODUCTS_DIR)/SportsAllTheTime.app/$(BUNDLE_EXECUTABLE_FOLDER_PATH)/SportsAllTheTime";
			};
			name = Debug;
		};
		DEAAD49F2A19179A0061CDCF /* Release */ = {
			isa = XCBuildConfiguration;
			baseConfigurationReference = 653B8B4F7655E8228081892A /* Pods-SportsAllTheTimeTests.release.xcconfig */;
			buildSettings = {
				ALWAYS_EMBED_SWIFT_STANDARD_LIBRARIES = YES;
				BUNDLE_LOADER = "$(TEST_HOST)";
				CODE_SIGN_STYLE = Automatic;
				CURRENT_PROJECT_VERSION = 1;
				DEVELOPMENT_TEAM = LK2KV85VWZ;
				GENERATE_INFOPLIST_FILE = YES;
				IPHONEOS_DEPLOYMENT_TARGET = 16.2;
				MARKETING_VERSION = 1.0;
				PRODUCT_BUNDLE_IDENTIFIER = essCompany.SportsAllTheTimeTests;
				PRODUCT_NAME = "$(TARGET_NAME)";
				SWIFT_EMIT_LOC_STRINGS = NO;
				SWIFT_VERSION = 5.0;
				TARGETED_DEVICE_FAMILY = "1,2";
				TEST_HOST = "$(BUILT_PRODUCTS_DIR)/SportsAllTheTime.app/$(BUNDLE_EXECUTABLE_FOLDER_PATH)/SportsAllTheTime";
			};
			name = Release;
		};
		DEAAD4A12A19179A0061CDCF /* Debug */ = {
			isa = XCBuildConfiguration;
			baseConfigurationReference = C19CB7D0ABFE2F6902BADE21 /* Pods-SportsAllTheTime-SportsAllTheTimeUITests.debug.xcconfig */;
			buildSettings = {
				ALWAYS_EMBED_SWIFT_STANDARD_LIBRARIES = YES;
				CODE_SIGN_STYLE = Automatic;
				CURRENT_PROJECT_VERSION = 1;
				DEVELOPMENT_TEAM = LK2KV85VWZ;
				GENERATE_INFOPLIST_FILE = YES;
				MARKETING_VERSION = 1.0;
				PRODUCT_BUNDLE_IDENTIFIER = essCompany.SportsAllTheTimeUITests;
				PRODUCT_NAME = "$(TARGET_NAME)";
				SWIFT_EMIT_LOC_STRINGS = NO;
				SWIFT_VERSION = 5.0;
				TARGETED_DEVICE_FAMILY = "1,2";
				TEST_TARGET_NAME = SportsAllTheTime;
			};
			name = Debug;
		};
		DEAAD4A22A19179A0061CDCF /* Release */ = {
			isa = XCBuildConfiguration;
			baseConfigurationReference = A05E1A49ECC75F102651BD6A /* Pods-SportsAllTheTime-SportsAllTheTimeUITests.release.xcconfig */;
			buildSettings = {
				ALWAYS_EMBED_SWIFT_STANDARD_LIBRARIES = YES;
				CODE_SIGN_STYLE = Automatic;
				CURRENT_PROJECT_VERSION = 1;
				DEVELOPMENT_TEAM = LK2KV85VWZ;
				GENERATE_INFOPLIST_FILE = YES;
				MARKETING_VERSION = 1.0;
				PRODUCT_BUNDLE_IDENTIFIER = essCompany.SportsAllTheTimeUITests;
				PRODUCT_NAME = "$(TARGET_NAME)";
				SWIFT_EMIT_LOC_STRINGS = NO;
				SWIFT_VERSION = 5.0;
				TARGETED_DEVICE_FAMILY = "1,2";
				TEST_TARGET_NAME = SportsAllTheTime;
			};
			name = Release;
		};
/* End XCBuildConfiguration section */

/* Begin XCConfigurationList section */
		DEAAD4682A1917980061CDCF /* Build configuration list for PBXProject "SportsAllTheTime" */ = {
			isa = XCConfigurationList;
			buildConfigurations = (
				DEAAD4982A19179A0061CDCF /* Debug */,
				DEAAD4992A19179A0061CDCF /* Release */,
			);
			defaultConfigurationIsVisible = 0;
			defaultConfigurationName = Release;
		};
		DEAAD49A2A19179A0061CDCF /* Build configuration list for PBXNativeTarget "SportsAllTheTime" */ = {
			isa = XCConfigurationList;
			buildConfigurations = (
				DEAAD49B2A19179A0061CDCF /* Debug */,
				DEAAD49C2A19179A0061CDCF /* Release */,
			);
			defaultConfigurationIsVisible = 0;
			defaultConfigurationName = Release;
		};
		DEAAD49D2A19179A0061CDCF /* Build configuration list for PBXNativeTarget "SportsAllTheTimeTests" */ = {
			isa = XCConfigurationList;
			buildConfigurations = (
				DEAAD49E2A19179A0061CDCF /* Debug */,
				DEAAD49F2A19179A0061CDCF /* Release */,
			);
			defaultConfigurationIsVisible = 0;
			defaultConfigurationName = Release;
		};
		DEAAD4A02A19179A0061CDCF /* Build configuration list for PBXNativeTarget "SportsAllTheTimeUITests" */ = {
			isa = XCConfigurationList;
			buildConfigurations = (
				DEAAD4A12A19179A0061CDCF /* Debug */,
				DEAAD4A22A19179A0061CDCF /* Release */,
			);
			defaultConfigurationIsVisible = 0;
			defaultConfigurationName = Release;
		};
/* End XCConfigurationList section */

/* Begin XCVersionGroup section */
		DEAAD4792A1917980061CDCF /* SportsAllTheTime.xcdatamodeld */ = {
			isa = XCVersionGroup;
			children = (
				DEAAD47A2A1917980061CDCF /* SportsAllTheTime.xcdatamodel */,
			);
			currentVersion = DEAAD47A2A1917980061CDCF /* SportsAllTheTime.xcdatamodel */;
			path = SportsAllTheTime.xcdatamodeld;
			sourceTree = "<group>";
			versionGroupType = wrapper.xcdatamodel;
		};
/* End XCVersionGroup section */
	};
	rootObject = DEAAD4652A1917980061CDCF /* Project object */;
}
